
Microsoft Visual Studio Solution File, Format Version 12.00
# Visual Studio Version 16
VisualStudioVersion = 16.0.30503.244
MinimumVisualStudioVersion = 10.0.40219.1
Project("{8BC9CEB8-8B4A-11D0-8D11-00A0C91BC942}") = "Lab5", "Lab5\Lab5.vcxproj", "{0F9AFD95-CE3D-41B3-AEFA-BFECFBEE01AE}"
EndProject
Project("{8BC9CEB8-8B4A-11D0-8D11-00A0C91BC942}") = "Shapes", "Shapes\Shapes.vcxproj", "{F30104DB-036C-48F0-8A08-48C761BFB792}"
EndProject
Project("{2150E333-8FDC-42A3-9474-1A3956D46DE8}") = "Reflection", "Reflection", "{3418A1F1-5043-4648-B850-E4B4E404B95C}"
	ProjectSection(SolutionItems) = preProject
		Reflection.txt = Reflection.txt
	EndProjectSection
EndProject
Global
	GlobalSection(SolutionConfigurationPlatforms) = preSolution
		Debug|x64 = Debug|x64
		Debug|x86 = Debug|x86
		Release|x64 = Release|x64
		Release|x86 = Release|x86
	EndGlobalSection
	GlobalSection(ProjectConfigurationPlatforms) = postSolution
		{0F9AFD95-CE3D-41B3-AEFA-BFECFBEE01AE}.Debug|x64.ActiveCfg = Debug|x64
		{0F9AFD95-CE3D-41B3-AEFA-BFECFBEE01AE}.Debug|x64.Build.0 = Debug|x64
		{0F9AFD95-CE3D-41B3-AEFA-BFECFBEE01AE}.Debug|x86.ActiveCfg = Debug|Win32
		{0F9AFD95-CE3D-41B3-AEFA-BFECFBEE01AE}.Debug|x86.Build.0 = Debug|Win32
		{0F9AFD95-CE3D-41B3-AEFA-BFECFBEE01AE}.Release|x64.ActiveCfg = Release|x64
		{0F9AFD95-CE3D-41B3-AEFA-BFECFBEE01AE}.Release|x64.Build.0 = Release|x64
		{0F9AFD95-CE3D-41B3-AEFA-BFECFBEE01AE}.Release|x86.ActiveCfg = Release|Win32
		{0F9AFD95-CE3D-41B3-AEFA-BFECFBEE01AE}.Release|x86.Build.0 = Release|Win32
		{F30104DB-036C-48F0-8A08-48C761BFB792}.Debug|x64.ActiveCfg = Debug|x64
		{F30104DB-036C-48F0-8A08-48C761BFB792}.Debug|x64.Build.0 = Debug|x64
		{F30104DB-036C-48F0-8A08-48C761BFB792}.Debug|x86.ActiveCfg = Debug|Win32
		{F30104DB-036C-48F0-8A08-48C761BFB792}.Debug|x86.Build.0 = Debug|Win32
		{F30104DB-036C-48F0-8A08-48C761BFB792}.Release|x64.ActiveCfg = Release|x64
		{F30104DB-036C-48F0-8A08-48C761BFB792}.Release|x64.Build.0 = Release|x64
		{F30104DB-036C-48F0-8A08-48C761BFB792}.Release|x86.ActiveCfg = Release|Win32
		{F30104DB-036C-48F0-8A08-48C761BFB792}.Release|x86.Build.0 = Release|Win32
	EndGlobalSection
	GlobalSection(SolutionProperties) = preSolution
		HideSolutionNode = FALSE
	EndGlobalSection
	GlobalSection(ExtensibilityGlobals) = postSolution
		SolutionGuid = {35E07B73-6746-4082-9D48-90D91A26ABA9}
	EndGlobalSection
EndGlobal
